// !$*UTF8*$!
{
	archiveVersion = 1;
	classes = {
	};
	objectVersion = 50;
	objects = {

/* Begin PBXBuildFile section */
		FBB66D67209268D900624EE8 /* AppDelegate.swift in Sources */ = {isa = PBXBuildFile; fileRef = FBB66D66209268D900624EE8 /* AppDelegate.swift */; };
		FBB66D69209268D900624EE8 /* CategoriesVC.swift in Sources */ = {isa = PBXBuildFile; fileRef = FBB66D68209268D900624EE8 /* CategoriesVC.swift */; };
		FBB66D6C209268D900624EE8 /* Main.storyboard in Resources */ = {isa = PBXBuildFile; fileRef = FBB66D6A209268D900624EE8 /* Main.storyboard */; };
		FBB66D6E209268DA00624EE8 /* Assets.xcassets in Resources */ = {isa = PBXBuildFile; fileRef = FBB66D6D209268DA00624EE8 /* Assets.xcassets */; };
		FBB66D71209268DA00624EE8 /* LaunchScreen.storyboard in Resources */ = {isa = PBXBuildFile; fileRef = FBB66D6F209268DA00624EE8 /* LaunchScreen.storyboard */; };
		FBB66D7C209268DA00624EE8 /* app_coder_swagTests.swift in Sources */ = {isa = PBXBuildFile; fileRef = FBB66D7B209268DA00624EE8 /* app_coder_swagTests.swift */; };
		FBB66D87209268DA00624EE8 /* app_coder_swagUITests.swift in Sources */ = {isa = PBXBuildFile; fileRef = FBB66D86209268DA00624EE8 /* app_coder_swagUITests.swift */; };
		FBB66D9820926F8600624EE8 /* CategoryCell.swift in Sources */ = {isa = PBXBuildFile; fileRef = FBB66D9720926F8600624EE8 /* CategoryCell.swift */; };
/* End PBXBuildFile section */

/* Begin PBXContainerItemProxy section */
		FBB66D78209268DA00624EE8 /* PBXContainerItemProxy */ = {
			isa = PBXContainerItemProxy;
			containerPortal = FBB66D5B209268D900624EE8 /* Project object */;
			proxyType = 1;
			remoteGlobalIDString = FBB66D62209268D900624EE8;
			remoteInfo = "app-coder-swag";
		};
		FBB66D83209268DA00624EE8 /* PBXContainerItemProxy */ = {
			isa = PBXContainerItemProxy;
			containerPortal = FBB66D5B209268D900624EE8 /* Project object */;
			proxyType = 1;
			remoteGlobalIDString = FBB66D62209268D900624EE8;
			remoteInfo = "app-coder-swag";
		};
/* End PBXContainerItemProxy section */

/* Begin PBXFileReference section */
		FBB66D63209268D900624EE8 /* app-coder-swag.app */ = {isa = PBXFileReference; explicitFileType = wrapper.application; includeInIndex = 0; path = "app-coder-swag.app"; sourceTree = BUILT_PRODUCTS_DIR; };
		FBB66D66209268D900624EE8 /* AppDelegate.swift */ = {isa = PBXFileReference; lastKnownFileType = sourcecode.swift; path = AppDelegate.swift; sourceTree = "<group>"; };
		FBB66D68209268D900624EE8 /* CategoriesVC.swift */ = {isa = PBXFileReference; lastKnownFileType = sourcecode.swift; path = CategoriesVC.swift; sourceTree = "<group>"; };
		FBB66D6B209268D900624EE8 /* Base */ = {isa = PBXFileReference; lastKnownFileType = file.storyboard; name = Base; path = Base.lproj/Main.storyboard; sourceTree = "<group>"; };
		FBB66D6D209268DA00624EE8 /* Assets.xcassets */ = {isa = PBXFileReference; lastKnownFileType = folder.assetcatalog; path = Assets.xcassets; sourceTree = "<group>"; };
		FBB66D70209268DA00624EE8 /* Base */ = {isa = PBXFileReference; lastKnownFileType = file.storyboard; name = Base; path = Base.lproj/LaunchScreen.storyboard; sourceTree = "<group>"; };
		FBB66D72209268DA00624EE8 /* Info.plist */ = {isa = PBXFileReference; lastKnownFileType = text.plist.xml; path = Info.plist; sourceTree = "<group>"; };
		FBB66D77209268DA00624EE8 /* app-coder-swagTests.xctest */ = {isa = PBXFileReference; explicitFileType = wrapper.cfbundle; includeInIndex = 0; path = "app-coder-swagTests.xctest"; sourceTree = BUILT_PRODUCTS_DIR; };
		FBB66D7B209268DA00624EE8 /* app_coder_swagTests.swift */ = {isa = PBXFileReference; lastKnownFileType = sourcecode.swift; path = app_coder_swagTests.swift; sourceTree = "<group>"; };
		FBB66D7D209268DA00624EE8 /* Info.plist */ = {isa = PBXFileReference; lastKnownFileType = text.plist.xml; path = Info.plist; sourceTree = "<group>"; };
		FBB66D82209268DA00624EE8 /* app-coder-swagUITests.xctest */ = {isa = PBXFileReference; explicitFileType = wrapper.cfbundle; includeInIndex = 0; path = "app-coder-swagUITests.xctest"; sourceTree = BUILT_PRODUCTS_DIR; };
		FBB66D86209268DA00624EE8 /* app_coder_swagUITests.swift */ = {isa = PBXFileReference; lastKnownFileType = sourcecode.swift; path = app_coder_swagUITests.swift; sourceTree = "<group>"; };
		FBB66D88209268DA00624EE8 /* Info.plist */ = {isa = PBXFileReference; lastKnownFileType = text.plist.xml; path = Info.plist; sourceTree = "<group>"; };
		FBB66D9720926F8600624EE8 /* CategoryCell.swift */ = {isa = PBXFileReference; lastKnownFileType = sourcecode.swift; path = CategoryCell.swift; sourceTree = "<group>"; };
/* End PBXFileReference section */

/* Begin PBXFrameworksBuildPhase section */
		FBB66D60209268D900624EE8 /* Frameworks */ = {
			isa = PBXFrameworksBuildPhase;
			buildActionMask = 2147483647;
			files = (
			);
			runOnlyForDeploymentPostprocessing = 0;
		};
		FBB66D74209268DA00624EE8 /* Frameworks */ = {
			isa = PBXFrameworksBuildPhase;
			buildActionMask = 2147483647;
			files = (
			);
			runOnlyForDeploymentPostprocessing = 0;
		};
		FBB66D7F209268DA00624EE8 /* Frameworks */ = {
			isa = PBXFrameworksBuildPhase;
			buildActionMask = 2147483647;
			files = (
			);
			runOnlyForDeploymentPostprocessing = 0;
		};
/* End PBXFrameworksBuildPhase section */

/* Begin PBXGroup section */
		FBB66D5A209268D900624EE8 = {
			isa = PBXGroup;
			children = (
				FBB66D65209268D900624EE8 /* app-coder-swag */,
				FBB66D7A209268DA00624EE8 /* app-coder-swagTests */,
				FBB66D85209268DA00624EE8 /* app-coder-swagUITests */,
				FBB66D64209268D900624EE8 /* Products */,
			);
			sourceTree = "<group>";
		};
		FBB66D64209268D900624EE8 /* Products */ = {
			isa = PBXGroup;
			children = (
				FBB66D63209268D900624EE8 /* app-coder-swag.app */,
				FBB66D77209268DA00624EE8 /* app-coder-swagTests.xctest */,
				FBB66D82209268DA00624EE8 /* app-coder-swagUITests.xctest */,
			);
			name = Products;
			sourceTree = "<group>";
		};
		FBB66D65209268D900624EE8 /* app-coder-swag */ = {
			isa = PBXGroup;
			children = (
				FBB66D9620926EF900624EE8 /* View */,
				FBB66D9520926EF000624EE8 /* Model */,
				FBB66D9420926EE400624EE8 /* Controller */,
				FBB66D66209268D900624EE8 /* AppDelegate.swift */,
				FBB66D6A209268D900624EE8 /* Main.storyboard */,
				FBB66D6D209268DA00624EE8 /* Assets.xcassets */,
				FBB66D6F209268DA00624EE8 /* LaunchScreen.storyboard */,
				FBB66D72209268DA00624EE8 /* Info.plist */,
			);
			path = "app-coder-swag";
			sourceTree = "<group>";
		};
		FBB66D7A209268DA00624EE8 /* app-coder-swagTests */ = {
			isa = PBXGroup;
			children = (
				FBB66D7B209268DA00624EE8 /* app_coder_swagTests.swift */,
				FBB66D7D209268DA00624EE8 /* Info.plist */,
			);
			path = "app-coder-swagTests";
			sourceTree = "<group>";
		};
		FBB66D85209268DA00624EE8 /* app-coder-swagUITests */ = {
			isa = PBXGroup;
			children = (
				FBB66D86209268DA00624EE8 /* app_coder_swagUITests.swift */,
				FBB66D88209268DA00624EE8 /* Info.plist */,
			);
			path = "app-coder-swagUITests";
			sourceTree = "<group>";
		};
		FBB66D9420926EE400624EE8 /* Controller */ = {
			isa = PBXGroup;
			children = (
				FBB66D68209268D900624EE8 /* CategoriesVC.swift */,
			);
			path = Controller;
			sourceTree = "<group>";
		};
		FBB66D9520926EF000624EE8 /* Model */ = {
			isa = PBXGroup;
			children = (
			);
			path = Model;
			sourceTree = "<group>";
		};
		FBB66D9620926EF900624EE8 /* View */ = {
			isa = PBXGroup;
			children = (
				FBB66D9720926F8600624EE8 /* CategoryCell.swift */,
			);
			path = View;
			sourceTree = "<group>";
		};
/* End PBXGroup section */

/* Begin PBXNativeTarget section */
		FBB66D62209268D900624EE8 /* app-coder-swag */ = {
			isa = PBXNativeTarget;
			buildConfigurationList = FBB66D8B209268DA00624EE8 /* Build configuration list for PBXNativeTarget "app-coder-swag" */;
			buildPhases = (
				FBB66D5F209268D900624EE8 /* Sources */,
				FBB66D60209268D900624EE8 /* Frameworks */,
				FBB66D61209268D900624EE8 /* Resources */,
			);
			buildRules = (
			);
			dependencies = (
			);
			name = "app-coder-swag";
			productName = "app-coder-swag";
			productReference = FBB66D63209268D900624EE8 /* app-coder-swag.app */;
			productType = "com.apple.product-type.application";
		};
		FBB66D76209268DA00624EE8 /* app-coder-swagTests */ = {
			isa = PBXNativeTarget;
			buildConfigurationList = FBB66D8E209268DA00624EE8 /* Build configuration list for PBXNativeTarget "app-coder-swagTests" */;
			buildPhases = (
				FBB66D73209268DA00624EE8 /* Sources */,
				FBB66D74209268DA00624EE8 /* Frameworks */,
				FBB66D75209268DA00624EE8 /* Resources */,
			);
			buildRules = (
			);
			dependencies = (
				FBB66D79209268DA00624EE8 /* PBXTargetDependency */,
			);
			name = "app-coder-swagTests";
			productName = "app-coder-swagTests";
			productReference = FBB66D77209268DA00624EE8 /* app-coder-swagTests.xctest */;
			productType = "com.apple.product-type.bundle.unit-test";
		};
		FBB66D81209268DA00624EE8 /* app-coder-swagUITests */ = {
			isa = PBXNativeTarget;
			buildConfigurationList = FBB66D91209268DA00624EE8 /* Build configuration list for PBXNativeTarget "app-coder-swagUITests" */;
			buildPhases = (
				FBB66D7E209268DA00624EE8 /* Sources */,
				FBB66D7F209268DA00624EE8 /* Frameworks */,
				FBB66D80209268DA00624EE8 /* Resources */,
			);
			buildRules = (
			);
			dependencies = (
				FBB66D84209268DA00624EE8 /* PBXTargetDependency */,
			);
			name = "app-coder-swagUITests";
			productName = "app-coder-swagUITests";
			productReference = FBB66D82209268DA00624EE8 /* app-coder-swagUITests.xctest */;
			productType = "com.apple.product-type.bundle.ui-testing";
		};
/* End PBXNativeTarget section */

/* Begin PBXProject section */
		FBB66D5B209268D900624EE8 /* Project object */ = {
			isa = PBXProject;
			attributes = {
				LastSwiftUpdateCheck = 0930;
				LastUpgradeCheck = 0930;
				ORGANIZATIONNAME = MDC;
				TargetAttributes = {
					FBB66D62209268D900624EE8 = {
						CreatedOnToolsVersion = 9.3;
					};
					FBB66D76209268DA00624EE8 = {
						CreatedOnToolsVersion = 9.3;
						TestTargetID = FBB66D62209268D900624EE8;
					};
					FBB66D81209268DA00624EE8 = {
						CreatedOnToolsVersion = 9.3;
						TestTargetID = FBB66D62209268D900624EE8;
					};
				};
			};
			buildConfigurationList = FBB66D5E209268D900624EE8 /* Build configuration list for PBXProject "app-coder-swag" */;
			compatibilityVersion = "Xcode 9.3";
			developmentRegion = en;
			hasScannedForEncodings = 0;
			knownRegions = (
				en,
				Base,
			);
			mainGroup = FBB66D5A209268D900624EE8;
			productRefGroup = FBB66D64209268D900624EE8 /* Products */;
			projectDirPath = "";
			projectRoot = "";
			targets = (
				FBB66D62209268D900624EE8 /* app-coder-swag */,
				FBB66D76209268DA00624EE8 /* app-coder-swagTests */,
				FBB66D81209268DA00624EE8 /* app-coder-swagUITests */,
			);
		};
/* End PBXProject section */

/* Begin PBXResourcesBuildPhase section */
		FBB66D61209268D900624EE8 /* Resources */ = {
			isa = PBXResourcesBuildPhase;
			buildActionMask = 2147483647;
			files = (
				FBB66D71209268DA00624EE8 /* LaunchScreen.storyboard in Resources */,
				FBB66D6E209268DA00624EE8 /* Assets.xcassets in Resources */,
				FBB66D6C209268D900624EE8 /* Main.storyboard in Resources */,
			);
			runOnlyForDeploymentPostprocessing = 0;
		};
		FBB66D75209268DA00624EE8 /* Resources */ = {
			isa = PBXResourcesBuildPhase;
			buildActionMask = 2147483647;
			files = (
			);
			runOnlyForDeploymentPostprocessing = 0;
		};
		FBB66D80209268DA00624EE8 /* Resources */ = {
			isa = PBXResourcesBuildPhase;
			buildActionMask = 2147483647;
			files = (
			);
			runOnlyForDeploymentPostprocessing = 0;
		};
/* End PBXResourcesBuildPhase section */

/* Begin PBXSourcesBuildPhase section */
		FBB66D5F209268D900624EE8 /* Sources */ = {
			isa = PBXSourcesBuildPhase;
			buildActionMask = 2147483647;
			files = (
				FBB66D69209268D900624EE8 /* CategoriesVC.swift in Sources */,
				FBB66D67209268D900624EE8 /* AppDelegate.swift in Sources */,
				FBB66D9820926F8600624EE8 /* CategoryCell.swift in Sources */,
			);
			runOnlyForDeploymentPostprocessing = 0;
		};
		FBB66D73209268DA00624EE8 /* Sources */ = {
			isa = PBXSourcesBuildPhase;
			buildActionMask = 2147483647;
			files = (
				FBB66D7C209268DA00624EE8 /* app_coder_swagTests.swift in Sources */,
			);
			runOnlyForDeploymentPostprocessing = 0;
		};
		FBB66D7E209268DA00624EE8 /* Sources */ = {
			isa = PBXSourcesBuildPhase;
			buildActionMask = 2147483647;
			files = (
				FBB66D87209268DA00624EE8 /* app_coder_swagUITests.swift in Sources */,
			);
			runOnlyForDeploymentPostprocessing = 0;
		};
/* End PBXSourcesBuildPhase section */

/* Begin PBXTargetDependency section */
		FBB66D79209268DA00624EE8 /* PBXTargetDependency */ = {
			isa = PBXTargetDependency;
			target = FBB66D62209268D900624EE8 /* app-coder-swag */;
			targetProxy = FBB66D78209268DA00624EE8 /* PBXContainerItemProxy */;
		};
		FBB66D84209268DA00624EE8 /* PBXTargetDependency */ = {
			isa = PBXTargetDependency;
			target = FBB66D62209268D900624EE8 /* app-coder-swag */;
			targetProxy = FBB66D83209268DA00624EE8 /* PBXContainerItemProxy */;
		};
/* End PBXTargetDependency section */

/* Begin PBXVariantGroup section */
		FBB66D6A209268D900624EE8 /* Main.storyboard */ = {
			isa = PBXVariantGroup;
			children = (
				FBB66D6B209268D900624EE8 /* Base */,
			);
			name = Main.storyboard;
			sourceTree = "<group>";
		};
		FBB66D6F209268DA00624EE8 /* LaunchScreen.storyboard */ = {
			isa = PBXVariantGroup;
			children = (
				FBB66D70209268DA00624EE8 /* Base */,
			);
			name = LaunchScreen.storyboard;
			sourceTree = "<group>";
		};
/* End PBXVariantGroup section */

/* Begin XCBuildConfiguration section */
		FBB66D89209268DA00624EE8 /* Debug */ = {
			isa = XCBuildConfiguration;
			buildSettings = {
				ALWAYS_SEARCH_USER_PATHS = NO;
				CLANG_ANALYZER_NONNULL = YES;
				CLANG_ANALYZER_NUMBER_OBJECT_CONVERSION = YES_AGGRESSIVE;
				CLANG_CXX_LANGUAGE_STANDARD = "gnu++14";
				CLANG_CXX_LIBRARY = "libc++";
				CLANG_ENABLE_MODULES = YES;
				CLANG_ENABLE_OBJC_ARC = YES;
				CLANG_ENABLE_OBJC_WEAK = YES;
				CLANG_WARN_BLOCK_CAPTURE_AUTORELEASING = YES;
				CLANG_WARN_BOOL_CONVERSION = YES;
				CLANG_WARN_COMMA = YES;
				CLANG_WARN_CONSTANT_CONVERSION = YES;
				CLANG_WARN_DEPRECATED_OBJC_IMPLEMENTATIONS = YES;
				CLANG_WARN_DIRECT_OBJC_ISA_USAGE = YES_ERROR;
				CLANG_WARN_DOCUMENTATION_COMMENTS = YES;
				CLANG_WARN_EMPTY_BODY = YES;
				CLANG_WARN_ENUM_CONVERSION = YES;
				CLANG_WARN_INFINITE_RECURSION = YES;
				CLANG_WARN_INT_CONVERSION = YES;
				CLANG_WARN_NON_LITERAL_NULL_CONVERSION = YES;
				CLANG_WARN_OBJC_IMPLICIT_RETAIN_SELF = YES;
				CLANG_WARN_OBJC_LITERAL_CONVERSION = YES;
				CLANG_WARN_OBJC_ROOT_CLASS = YES_ERROR;
				CLANG_WARN_RANGE_LOOP_ANALYSIS = YES;
				CLANG_WARN_STRICT_PROTOTYPES = YES;
				CLANG_WARN_SUSPICIOUS_MOVE = YES;
				CLANG_WARN_UNGUARDED_AVAILABILITY = YES_AGGRESSIVE;
				CLANG_WARN_UNREACHABLE_CODE = YES;
				CLANG_WARN__DUPLICATE_METHOD_MATCH = YES;
				CODE_SIGN_IDENTITY = "iPhone Developer";
				COPY_PHASE_STRIP = NO;
				DEBUG_INFORMATION_FORMAT = dwarf;
				ENABLE_STRICT_OBJC_MSGSEND = YES;
				ENABLE_TESTABILITY = YES;
				GCC_C_LANGUAGE_STANDARD = gnu11;
				GCC_DYNAMIC_NO_PIC = NO;
				GCC_NO_COMMON_BLOCKS = YES;
				GCC_OPTIMIZATION_LEVEL = 0;
				GCC_PREPROCESSOR_DEFINITIONS = (
					"DEBUG=1",
					"$(inherited)",
				);
				GCC_WARN_64_TO_32_BIT_CONVERSION = YES;
				GCC_WARN_ABOUT_RETURN_TYPE = YES_ERROR;
				GCC_WARN_UNDECLARED_SELECTOR = YES;
				GCC_WARN_UNINITIALIZED_AUTOS = YES_AGGRESSIVE;
				GCC_WARN_UNUSED_FUNCTION = YES;
				GCC_WARN_UNUSED_VARIABLE = YES;
				IPHONEOS_DEPLOYMENT_TARGET = 11.3;
				MTL_ENABLE_DEBUG_INFO = YES;
				ONLY_ACTIVE_ARCH = YES;
				SDKROOT = iphoneos;
				SWIFT_ACTIVE_COMPILATION_CONDITIONS = DEBUG;
				SWIFT_OPTIMIZATION_LEVEL = "-Onone";
			};
			name = Debug;
		};
		FBB66D8A209268DA00624EE8 /* Release */ = {
			isa = XCBuildConfiguration;
			buildSettings = {
				ALWAYS_SEARCH_USER_PATHS = NO;
				CLANG_ANALYZER_NONNULL = YES;
				CLANG_ANALYZER_NUMBER_OBJECT_CONVERSION = YES_AGGRESSIVE;
				CLANG_CXX_LANGUAGE_STANDARD = "gnu++14";
				CLANG_CXX_LIBRARY = "libc++";
				CLANG_ENABLE_MODULES = YES;
				CLANG_ENABLE_OBJC_ARC = YES;
				CLANG_ENABLE_OBJC_WEAK = YES;
				CLANG_WARN_BLOCK_CAPTURE_AUTORELEASING = YES;
				CLANG_WARN_BOOL_CONVERSION = YES;
				CLANG_WARN_COMMA = YES;
				CLANG_WARN_CONSTANT_CONVERSION = YES;
				CLANG_WARN_DEPRECATED_OBJC_IMPLEMENTATIONS = YES;
				CLANG_WARN_DIRECT_OBJC_ISA_USAGE = YES_ERROR;
				CLANG_WARN_DOCUMENTATION_COMMENTS = YES;
				CLANG_WARN_EMPTY_BODY = YES;
				CLANG_WARN_ENUM_CONVERSION = YES;
				CLANG_WARN_INFINITE_RECURSION = YES;
				CLANG_WARN_INT_CONVERSION = YES;
				CLANG_WARN_NON_LITERAL_NULL_CONVERSION = YES;
				CLANG_WARN_OBJC_IMPLICIT_RETAIN_SELF = YES;
				CLANG_WARN_OBJC_LITERAL_CONVERSION = YES;
				CLANG_WARN_OBJC_ROOT_CLASS = YES_ERROR;
				CLANG_WARN_RANGE_LOOP_ANALYSIS = YES;
				CLANG_WARN_STRICT_PROTOTYPES = YES;
				CLANG_WARN_SUSPICIOUS_MOVE = YES;
				CLANG_WARN_UNGUARDED_AVAILABILITY = YES_AGGRESSIVE;
				CLANG_WARN_UNREACHABLE_CODE = YES;
				CLANG_WARN__DUPLICATE_METHOD_MATCH = YES;
				CODE_SIGN_IDENTITY = "iPhone Developer";
				COPY_PHASE_STRIP = NO;
				DEBUG_INFORMATION_FORMAT = "dwarf-with-dsym";
				ENABLE_NS_ASSERTIONS = NO;
				ENABLE_STRICT_OBJC_MSGSEND = YES;
				GCC_C_LANGUAGE_STANDARD = gnu11;
				GCC_NO_COMMON_BLOCKS = YES;
				GCC_WARN_64_TO_32_BIT_CONVERSION = YES;
				GCC_WARN_ABOUT_RETURN_TYPE = YES_ERROR;
				GCC_WARN_UNDECLARED_SELECTOR = YES;
				GCC_WARN_UNINITIALIZED_AUTOS = YES_AGGRESSIVE;
				GCC_WARN_UNUSED_FUNCTION = YES;
				GCC_WARN_UNUSED_VARIABLE = YES;
				IPHONEOS_DEPLOYMENT_TARGET = 11.3;
				MTL_ENABLE_DEBUG_INFO = NO;
				SDKROOT = iphoneos;
				SWIFT_COMPILATION_MODE = wholemodule;
				SWIFT_OPTIMIZATION_LEVEL = "-O";
				VALIDATE_PRODUCT = YES;
			};
			name = Release;
		};
		FBB66D8C209268DA00624EE8 /* Debug */ = {
			isa = XCBuildConfiguration;
			buildSettings = {
				ASSETCATALOG_COMPILER_APPICON_NAME = AppIcon;
				CODE_SIGN_STYLE = Automatic;
				DEVELOPMENT_TEAM = MJXG5CUUQ5;
				INFOPLIST_FILE = "app-coder-swag/Info.plist";
				LD_RUNPATH_SEARCH_PATHS = (
					"$(inherited)",
					"@executable_path/Frameworks",
				);
				PRODUCT_BUNDLE_IDENTIFIER = "com.mdc.app-coder-swag";
				PRODUCT_NAME = "$(TARGET_NAME)";
				SWIFT_VERSION = 4.0;
				TARGETED_DEVICE_FAMILY = "1,2";
			};
			name = Debug;
		};
		FBB66D8D209268DA00624EE8 /* Release */ = {
			isa = XCBuildConfiguration;
			buildSettings = {
				ASSETCATALOG_COMPILER_APPICON_NAME = AppIcon;
				CODE_SIGN_STYLE = Automatic;
				DEVELOPMENT_TEAM = MJXG5CUUQ5;
				INFOPLIST_FILE = "app-coder-swag/Info.plist";
				LD_RUNPATH_SEARCH_PATHS = (
					"$(inherited)",
					"@executable_path/Frameworks",
				);
				PRODUCT_BUNDLE_IDENTIFIER = "com.mdc.app-coder-swag";
				PRODUCT_NAME = "$(TARGET_NAME)";
				SWIFT_VERSION = 4.0;
				TARGETED_DEVICE_FAMILY = "1,2";
			};
			name = Release;
		};
		FBB66D8F209268DA00624EE8 /* Debug */ = {
			isa = XCBuildConfiguration;
			buildSettings = {
				ALWAYS_EMBED_SWIFT_STANDARD_LIBRARIES = YES;
				BUNDLE_LOADER = "$(TEST_HOST)";
				CODE_SIGN_STYLE = Automatic;
				DEVELOPMENT_TEAM = MJXG5CUUQ5;
				INFOPLIST_FILE = "app-coder-swagTests/Info.plist";
				LD_RUNPATH_SEARCH_PATHS = (
					"$(inherited)",
					"@executable_path/Frameworks",
					"@loader_path/Frameworks",
				);
				PRODUCT_BUNDLE_IDENTIFIER = "com.mdc.app-coder-swagTests";
				PRODUCT_NAME = "$(TARGET_NAME)";
				SWIFT_VERSION = 4.0;
				TARGETED_DEVICE_FAMILY = "1,2";
				TEST_HOST = "$(BUILT_PRODUCTS_DIR)/app-coder-swag.app/app-coder-swag";
			};
			name = Debug;
		};
		FBB66D90209268DA00624EE8 /* Release */ = {
			isa = XCBuildConfiguration;
			buildSettings = {
				ALWAYS_EMBED_SWIFT_STANDARD_LIBRARIES = YES;
				BUNDLE_LOADER = "$(TEST_HOST)";
				CODE_SIGN_STYLE = Automatic;
				DEVELOPMENT_TEAM = MJXG5CUUQ5;
				INFOPLIST_FILE = "app-coder-swagTests/Info.plist";
				LD_RUNPATH_SEARCH_PATHS = (
					"$(inherited)",
					"@executable_path/Frameworks",
					"@loader_path/Frameworks",
				);
				PRODUCT_BUNDLE_IDENTIFIER = "com.mdc.app-coder-swagTests";
				PRODUCT_NAME = "$(TARGET_NAME)";
				SWIFT_VERSION = 4.0;
				TARGETED_DEVICE_FAMILY = "1,2";
				TEST_HOST = "$(BUILT_PRODUCTS_DIR)/app-coder-swag.app/app-coder-swag";
			};
			name = Release;
		};
		FBB66D92209268DA00624EE8 /* Debug */ = {
			isa = XCBuildConfiguration;
			buildSettings = {
				ALWAYS_EMBED_SWIFT_STANDARD_LIBRARIES = YES;
				CODE_SIGN_STYLE = Automatic;
				DEVELOPMENT_TEAM = MJXG5CUUQ5;
				INFOPLIST_FILE = "app-coder-swagUITests/Info.plist";
				LD_RUNPATH_SEARCH_PATHS = (
					"$(inherited)",
					"@executable_path/Frameworks",
					"@loader_path/Frameworks",
				);
				PRODUCT_BUNDLE_IDENTIFIER = "com.mdc.app-coder-swagUITests";
				PRODUCT_NAME = "$(TARGET_NAME)";
				SWIFT_VERSION = 4.0;
				TARGETED_DEVICE_FAMILY = "1,2";
				TEST_TARGET_NAME = "app-coder-swag";
			};
			name = Debug;
		};
		FBB66D93209268DA00624EE8 /* Release */ = {
			isa = XCBuildConfiguration;
			buildSettings = {
				ALWAYS_EMBED_SWIFT_STANDARD_LIBRARIES = YES;
				CODE_SIGN_STYLE = Automatic;
				DEVELOPMENT_TEAM = MJXG5CUUQ5;
				INFOPLIST_FILE = "app-coder-swagUITests/Info.plist";
				LD_RUNPATH_SEARCH_PATHS = (
					"$(inherited)",
					"@executable_path/Frameworks",
					"@loader_path/Frameworks",
				);
				PRODUCT_BUNDLE_IDENTIFIER = "com.mdc.app-coder-swagUITests";
				PRODUCT_NAME = "$(TARGET_NAME)";
				SWIFT_VERSION = 4.0;
				TARGETED_DEVICE_FAMILY = "1,2";
				TEST_TARGET_NAME = "app-coder-swag";
			};
			name = Release;
		};
/* End XCBuildConfiguration section */

/* Begin XCConfigurationList section */
		FBB66D5E209268D900624EE8 /* Build configuration list for PBXProject "app-coder-swag" */ = {
			isa = XCConfigurationList;
			buildConfigurations = (
				FBB66D89209268DA00624EE8 /* Debug */,
				FBB66D8A209268DA00624EE8 /* Release */,
			);
			defaultConfigurationIsVisible = 0;
			defaultConfigurationName = Release;
		};
		FBB66D8B209268DA00624EE8 /* Build configuration list for PBXNativeTarget "app-coder-swag" */ = {
			isa = XCConfigurationList;
			buildConfigurations = (
				FBB66D8C209268DA00624EE8 /* Debug */,
				FBB66D8D209268DA00624EE8 /* Release */,
			);
			defaultConfigurationIsVisible = 0;
			defaultConfigurationName = Release;
		};
		FBB66D8E209268DA00624EE8 /* Build configuration list for PBXNativeTarget "app-coder-swagTests" */ = {
			isa = XCConfigurationList;
			buildConfigurations = (
				FBB66D8F209268DA00624EE8 /* Debug */,
				FBB66D90209268DA00624EE8 /* Release */,
			);
			defaultConfigurationIsVisible = 0;
			defaultConfigurationName = Release;
		};
		FBB66D91209268DA00624EE8 /* Build configuration list for PBXNativeTarget "app-coder-swagUITests" */ = {
			isa = XCConfigurationList;
			buildConfigurations = (
				FBB66D92209268DA00624EE8 /* Debug */,
				FBB66D93209268DA00624EE8 /* Release */,
			);
			defaultConfigurationIsVisible = 0;
			defaultConfigurationName = Release;
		};
/* End XCConfigurationList section */
	};
	rootObject = FBB66D5B209268D900624EE8 /* Project object */;
}
